
Microsoft Visual Studio Solution File, Format Version 12.00
# Visual Studio Version 16
VisualStudioVersion = 16.0.30717.126
MinimumVisualStudioVersion = 10.0.40219.1
Project("{9A19103F-16F7-4668-BE54-9A1E7A4F7556}") = "StarFleetBattles.CLI", "StarFleetBattles.Console\StarFleetBattles.CLI.csproj", "{9399DED0-1ED9-4C78-92F2-476B086E615E}"
EndProject
Project("{9A19103F-16F7-4668-BE54-9A1E7A4F7556}") = "StarFleetBattles.Game", "StarFleetBattles.Game\StarFleetBattles.Game.csproj", "{2A8A1837-9F04-434A-B62B-518528980C9B}"
EndProject
Global
	GlobalSection(SolutionConfigurationPlatforms) = preSolution
		Debug|Any CPU = Debug|Any CPU
		Release|Any CPU = Release|Any CPU
	EndGlobalSection
	GlobalSection(ProjectConfigurationPlatforms) = postSolution
		{9399DED0-1ED9-4C78-92F2-476B086E615E}.Debug|Any CPU.ActiveCfg = Debug|Any CPU
		{9399DED0-1ED9-4C78-92F2-476B086E615E}.Debug|Any CPU.Build.0 = Debug|Any CPU
		{9399DED0-1ED9-4C78-92F2-476B086E615E}.Release|Any CPU.ActiveCfg = Release|Any CPU
		{9399DED0-1ED9-4C78-92F2-476B086E615E}.Release|Any CPU.Build.0 = Release|Any CPU
		{2A8A1837-9F04-434A-B62B-518528980C9B}.Debug|Any CPU.ActiveCfg = Debug|Any CPU
		{2A8A1837-9F04-434A-B62B-518528980C9B}.Debug|Any CPU.Build.0 = Debug|Any CPU
		{2A8A1837-9F04-434A-B62B-518528980C9B}.Release|Any CPU.ActiveCfg = Release|Any CPU
		{2A8A1837-9F04-434A-B62B-518528980C9B}.Release|Any CPU.Build.0 = Release|Any CPU
	EndGlobalSection
	GlobalSection(SolutionProperties) = preSolution
		HideSolutionNode = FALSE
	EndGlobalSection
	GlobalSection(ExtensibilityGlobals) = postSolution
		SolutionGuid = {3E2C95D5-AF68-4DB9-A46D-B1B545C6ACD4}
	EndGlobalSection
EndGlobal
